
Microsoft Visual Studio Solution File, Format Version 12.00
# Visual Studio 15
VisualStudioVersion = 15.0.27703.2042
MinimumVisualStudioVersion = 10.0.40219.1
Project("{FAE04EC0-301F-11D3-BF4B-00C04F79EFBC}") = "LocalizaRato", "LocalizaRato\LocalizaRato.csproj", "{57C4CD06-32A8-4FC3-A93F-C82326F87015}"
EndProject
Global
	GlobalSection(SolutionConfigurationPlatforms) = preSolution
		Debug|Any CPU = Debug|Any CPU
		Release|Any CPU = Release|Any CPU
	EndGlobalSection
	GlobalSection(ProjectConfigurationPlatforms) = postSolution
		{57C4CD06-32A8-4FC3-A93F-C82326F87015}.Debug|Any CPU.ActiveCfg = Debug|Any CPU
		{57C4CD06-32A8-4FC3-A93F-C82326F87015}.Debug|Any CPU.Build.0 = Debug|Any CPU
		{57C4CD06-32A8-4FC3-A93F-C82326F87015}.Release|Any CPU.ActiveCfg = Release|Any CPU
		{57C4CD06-32A8-4FC3-A93F-C82326F87015}.Release|Any CPU.Build.0 = Release|Any CPU
	EndGlobalSection
	GlobalSection(SolutionProperties) = preSolution
		HideSolutionNode = FALSE
	EndGlobalSection
	GlobalSection(ExtensibilityGlobals) = postSolution
		SolutionGuid = {01755F10-B83F-4DCA-9717-376338BC2804}
	EndGlobalSection
EndGlobal
